
Microsoft Visual Studio Solution File, Format Version 12.00
# Visual Studio Version 16
VisualStudioVersion = 16.0.31702.278
MinimumVisualStudioVersion = 10.0.40219.1
Project("{FAE04EC0-301F-11D3-BF4B-00C04F79EFBC}") = "Homework16T1", "Homework16T1.csproj", "{8A9682B8-E5AC-42CA-8D08-DDD059841054}"
EndProject
Global
	GlobalSection(SolutionConfigurationPlatforms) = preSolution
		Debug|Any CPU = Debug|Any CPU
		Release|Any CPU = Release|Any CPU
	EndGlobalSection
	GlobalSection(ProjectConfigurationPlatforms) = postSolution
		{8A9682B8-E5AC-42CA-8D08-DDD059841054}.Debug|Any CPU.ActiveCfg = Debug|Any CPU
		{8A9682B8-E5AC-42CA-8D08-DDD059841054}.Debug|Any CPU.Build.0 = Debug|Any CPU
		{8A9682B8-E5AC-42CA-8D08-DDD059841054}.Release|Any CPU.ActiveCfg = Release|Any CPU
		{8A9682B8-E5AC-42CA-8D08-DDD059841054}.Release|Any CPU.Build.0 = Release|Any CPU
	EndGlobalSection
	GlobalSection(SolutionProperties) = preSolution
		HideSolutionNode = FALSE
	EndGlobalSection
	GlobalSection(ExtensibilityGlobals) = postSolution
		SolutionGuid = {09A06BB6-A445-4BE8-BF75-A7BC538BF138}
	EndGlobalSection
EndGlobal
